
Microsoft Visual Studio Solution File, Format Version 12.00
# Visual Studio 2012
Project("{2150E333-8FDC-42A3-9474-1A3956D46DE8}") = "Solution Items", "Solution Items", "{3567888A-FC5F-4B94-826F-E6319AA5268A}"
	ProjectSection(SolutionItems) = preProject
		Solution Items\CopyReferences.bat = Solution Items\CopyReferences.bat
		Solution Items\K2ArtefactRegister.xml = Solution Items\K2ArtefactRegister.xml
		Solution Items\K2Processes.K2SmartObjectService.Core.dll = Solution Items\K2Processes.K2SmartObjectService.Core.dll
		Solution Items\KO.dll = Solution Items\KO.dll
		Solution Items\MSBuildFieldsTemplate.xml = Solution Items\MSBuildFieldsTemplate.xml
		Solution Items\SolutionInfo.cs = Solution Items\SolutionInfo.cs
		Solution Items\SolutionVersionInfo.cs = Solution Items\SolutionVersionInfo.cs
		Solution Items\SourceCode.HostClientAPI.dll = Solution Items\SourceCode.HostClientAPI.dll
		Solution Items\SourceCode.SmartObjects.Services.ServiceSDK.dll = Solution Items\SourceCode.SmartObjects.Services.ServiceSDK.dll
		Solution Items\Xiap.K2.Framework.CustomWorklistClient.dll = Solution Items\Xiap.K2.Framework.CustomWorklistClient.dll
	EndProjectSection
EndProject
Project("{D50D8A3F-5CE1-4E89-9491-F84FAB0E386A}") = "GeniusX.AXA.Workflows", "GeniusX.AXA.Workflows\GeniusX.AXA.Workflows.k2proj", "{4C59C1B6-8AC2-49BD-8505-479E26AFDE34}"
EndProject
Project("{FAE04EC0-301F-11D3-BF4B-00C04F79EFBC}") = "GeniusX.AXA.ServiceObject", "GeniusX.AXA.ServiceObject\GeniusX.AXA.ServiceObject.csproj", "{8ADE8A45-B7FB-49D1-9DB1-B754119B829A}"
EndProject
Project("{D50D8A3F-5CE1-4E89-9491-F84FAB0E386A}") = "GeniusX.AXA.SmartObject", "GeniusX.AXA.SmartObject\GeniusX.AXA.SmartObject.k2proj", "{2478185F-29B2-4F7E-BD63-44C5C82A0DDF}"
EndProject
Project("{2150E333-8FDC-42A3-9474-1A3956D46DE8}") = "Installer", "Installer", "{75990D99-31D9-45D1-B9B5-622284DA84CA}"
EndProject
Project("{2150E333-8FDC-42A3-9474-1A3956D46DE8}") = "Artefacts", "Artefacts", "{DA1D475A-A867-4C3F-A405-CF5DD4353EB7}"
EndProject
Project("{2150E333-8FDC-42A3-9474-1A3956D46DE8}") = "DeploymentStructure", "DeploymentStructure", "{3DBD4751-4DBB-4E79-AB3A-4609F790941B}"
EndProject
Project("{2150E333-8FDC-42A3-9474-1A3956D46DE8}") = "BatchFileTemplates", "BatchFileTemplates", "{12D63806-9810-497E-9FCA-60E34D0D6641}"
	ProjectSection(SolutionItems) = preProject
		Installer\Artefacts\Batch\AllArtefactInstallContentTemplate.txt = Installer\Artefacts\Batch\AllArtefactInstallContentTemplate.txt
		Installer\Artefacts\Batch\AllArtefactInstallTemplate.txt = Installer\Artefacts\Batch\AllArtefactInstallTemplate.txt
		Installer\Artefacts\Batch\DeployAllK2Artefacts.bat = Installer\Artefacts\Batch\DeployAllK2Artefacts.bat
		Installer\Artefacts\Batch\DeploySchemasAndRefreshServiceInstances.txt = Installer\Artefacts\Batch\DeploySchemasAndRefreshServiceInstances.txt
		Installer\Artefacts\Batch\ProcessSOInstallTemplate.txt = Installer\Artefacts\Batch\ProcessSOInstallTemplate.txt
		Installer\Artefacts\Batch\RegisterServiceAll.txt = Installer\Artefacts\Batch\RegisterServiceAll.txt
		Installer\Artefacts\Batch\RegisterServiceFooter.txt = Installer\Artefacts\Batch\RegisterServiceFooter.txt
		Installer\Artefacts\Batch\RegisterServiceHeader.txt = Installer\Artefacts\Batch\RegisterServiceHeader.txt
		Installer\Artefacts\Batch\RegisterServiceInstance.txt = Installer\Artefacts\Batch\RegisterServiceInstance.txt
		Installer\Artefacts\Batch\RegisterServiceType.txt = Installer\Artefacts\Batch\RegisterServiceType.txt
	EndProjectSection
EndProject
Project("{2150E333-8FDC-42A3-9474-1A3956D46DE8}") = "MSBuildFiles", "MSBuildFiles", "{A76EDD50-7158-4D5C-A19C-2F05CE36CC58}"
	ProjectSection(SolutionItems) = preProject
		Installer\Artefacts\MSBuildFiles\RegisterServiceInstance.msbuild = Installer\Artefacts\MSBuildFiles\RegisterServiceInstance.msbuild
		Installer\Artefacts\MSBuildFiles\RegisterServiceType.msbuild = Installer\Artefacts\MSBuildFiles\RegisterServiceType.msbuild
	EndProjectSection
EndProject
Project("{FAE04EC0-301F-11D3-BF4B-00C04F79EFBC}") = "K2SOProcessInstallHelper", "Installer\K2SOProcessInstallHelper\K2SOProcessInstallHelper.csproj", "{10E7DBA1-6CCB-41D3-83F4-1A0A5A833E70}"
EndProject
Global
	GlobalSection(TeamFoundationVersionControl) = preSolution
		SccNumberOfProjects = 5
		SccEnterpriseProvider = {4CA58AB2-18FA-4F8D-95D4-32DDF27D184C}
		SccTeamFoundationServer = http://srv00184:8080/tfs/defaultcollection
		SccLocalPath0 = .
		SccProjectUniqueName1 = GeniusX.AXA.Workflows\\GeniusX.AXA.Workflows.k2proj
		SccProjectName1 = GeniusX.AXA.Workflows
		SccLocalPath1 = GeniusX.AXA.Workflows
		SccProjectUniqueName2 = GeniusX.AXA.ServiceObject\\GeniusX.AXA.ServiceObject.csproj
		SccProjectName2 = GeniusX.AXA.ServiceObject
		SccLocalPath2 = GeniusX.AXA.ServiceObject
		SccProjectUniqueName3 = GeniusX.AXA.SmartObject\\GeniusX.AXA.SmartObject.k2proj
		SccProjectName3 = GeniusX.AXA.SmartObject
		SccLocalPath3 = GeniusX.AXA.SmartObject
		SccProjectUniqueName4 = Installer\\K2SOProcessInstallHelper\\K2SOProcessInstallHelper.csproj
		SccProjectTopLevelParentUniqueName4 = K2Processes.sln
		SccProjectName4 = Installer/K2SOProcessInstallHelper
		SccLocalPath4 = Installer\\K2SOProcessInstallHelper
	EndGlobalSection
	GlobalSection(SolutionConfigurationPlatforms) = preSolution
		BuildInstaller|Any CPU = BuildInstaller|Any CPU
		Debug|Any CPU = Debug|Any CPU
		Release|Any CPU = Release|Any CPU
	EndGlobalSection
	GlobalSection(ProjectConfigurationPlatforms) = postSolution
		{4C59C1B6-8AC2-49BD-8505-479E26AFDE34}.BuildInstaller|Any CPU.ActiveCfg = BuildInstaller|Any CPU
		{4C59C1B6-8AC2-49BD-8505-479E26AFDE34}.Debug|Any CPU.ActiveCfg = Debug|Any CPU
		{4C59C1B6-8AC2-49BD-8505-479E26AFDE34}.Release|Any CPU.ActiveCfg = Release|Any CPU
		{4C59C1B6-8AC2-49BD-8505-479E26AFDE34}.Release|Any CPU.Build.0 = Release|Any CPU
		{8ADE8A45-B7FB-49D1-9DB1-B754119B829A}.BuildInstaller|Any CPU.ActiveCfg = BuildInstaller|Any CPU
		{8ADE8A45-B7FB-49D1-9DB1-B754119B829A}.BuildInstaller|Any CPU.Build.0 = BuildInstaller|Any CPU
		{8ADE8A45-B7FB-49D1-9DB1-B754119B829A}.Debug|Any CPU.ActiveCfg = Debug|Any CPU
		{8ADE8A45-B7FB-49D1-9DB1-B754119B829A}.Debug|Any CPU.Build.0 = Debug|Any CPU
		{8ADE8A45-B7FB-49D1-9DB1-B754119B829A}.Release|Any CPU.ActiveCfg = Release|Any CPU
		{8ADE8A45-B7FB-49D1-9DB1-B754119B829A}.Release|Any CPU.Build.0 = Release|Any CPU
		{2478185F-29B2-4F7E-BD63-44C5C82A0DDF}.BuildInstaller|Any CPU.ActiveCfg = BuildInstaller|Any CPU
		{2478185F-29B2-4F7E-BD63-44C5C82A0DDF}.Debug|Any CPU.ActiveCfg = Debug|Any CPU
		{2478185F-29B2-4F7E-BD63-44C5C82A0DDF}.Release|Any CPU.ActiveCfg = Release|Any CPU
		{2478185F-29B2-4F7E-BD63-44C5C82A0DDF}.Release|Any CPU.Build.0 = Release|Any CPU
		{10E7DBA1-6CCB-41D3-83F4-1A0A5A833E70}.BuildInstaller|Any CPU.ActiveCfg = BuildInstaller|Any CPU
		{10E7DBA1-6CCB-41D3-83F4-1A0A5A833E70}.BuildInstaller|Any CPU.Build.0 = BuildInstaller|Any CPU
		{10E7DBA1-6CCB-41D3-83F4-1A0A5A833E70}.Debug|Any CPU.ActiveCfg = Debug|Any CPU
		{10E7DBA1-6CCB-41D3-83F4-1A0A5A833E70}.Debug|Any CPU.Build.0 = Debug|Any CPU
		{10E7DBA1-6CCB-41D3-83F4-1A0A5A833E70}.Release|Any CPU.ActiveCfg = Release|Any CPU
		{10E7DBA1-6CCB-41D3-83F4-1A0A5A833E70}.Release|Any CPU.Build.0 = Release|Any CPU
	EndGlobalSection
	GlobalSection(SolutionProperties) = preSolution
		HideSolutionNode = FALSE
	EndGlobalSection
	GlobalSection(NestedProjects) = preSolution
		{DA1D475A-A867-4C3F-A405-CF5DD4353EB7} = {75990D99-31D9-45D1-B9B5-622284DA84CA}
		{3DBD4751-4DBB-4E79-AB3A-4609F790941B} = {75990D99-31D9-45D1-B9B5-622284DA84CA}
		{10E7DBA1-6CCB-41D3-83F4-1A0A5A833E70} = {75990D99-31D9-45D1-B9B5-622284DA84CA}
		{12D63806-9810-497E-9FCA-60E34D0D6641} = {DA1D475A-A867-4C3F-A405-CF5DD4353EB7}
		{A76EDD50-7158-4D5C-A19C-2F05CE36CC58} = {DA1D475A-A867-4C3F-A405-CF5DD4353EB7}
	EndGlobalSection
EndGlobal
